
Microsoft Visual Studio Solution File, Format Version 12.00
# Visual Studio Version 17
VisualStudioVersion = 17.10.35122.118
MinimumVisualStudioVersion = 10.0.40219.1
Project("{FAE04EC0-301F-11D3-BF4B-00C04F79EFBC}") = "CardClash", "CardClash.csproj", "{1969E53D-9F48-487F-9CE4-64398B7E702A}"
EndProject
Global
	GlobalSection(SolutionConfigurationPlatforms) = preSolution
		Debug|Any CPU = Debug|Any CPU
		Release|Any CPU = Release|Any CPU
	EndGlobalSection
	GlobalSection(ProjectConfigurationPlatforms) = postSolution
		{1969E53D-9F48-487F-9CE4-64398B7E702A}.Debug|Any CPU.ActiveCfg = Debug|Any CPU
		{1969E53D-9F48-487F-9CE4-64398B7E702A}.Debug|Any CPU.Build.0 = Debug|Any CPU
		{1969E53D-9F48-487F-9CE4-64398B7E702A}.Release|Any CPU.ActiveCfg = Release|Any CPU
		{1969E53D-9F48-487F-9CE4-64398B7E702A}.Release|Any CPU.Build.0 = Release|Any CPU
	EndGlobalSection
	GlobalSection(SolutionProperties) = preSolution
		HideSolutionNode = FALSE
	EndGlobalSection
	GlobalSection(ExtensibilityGlobals) = postSolution
		SolutionGuid = {C7BBC697-6438-4CFA-8F00-1763EC1CB374}
	EndGlobalSection
EndGlobal
